<?xml version="1.0" encoding="utf-8"?>
<Project ToolsVersion="4.0" xmlns="http://schemas.microsoft.com/developer/msbuild/2003">
  <ItemGroup>
    <CudaCompile Include="atomicKernels.cu">
      <Filter>CUDAKernels</Filter>
    </CudaCompile>
    <CudaCompile Include="simpleKernels.cu">
      <Filter>CUDAKernels</Filter>
    </CudaCompile>
    <CudaCompile Include="manyDimensionsKernels.cu">
      <Filter>CUDAKernels</Filter>
    </CudaCompile>
    <CudaCompile Include="fewMeansKernels.cu">
      <Filter>CUDAKernels</Filter>
    </CudaCompile>
    <CudaCompile Include="atomicTasks.cu">
      <Filter>Tasks</Filter>
    </CudaCompile>
    <CudaCompile Include="fewMeansTasks.cu">
      <Filter>Tasks</Filter>
    </CudaCompile>
    <CudaCompile Include="simpleTasks.cu">
      <Filter>Tasks</Filter>
    </CudaCompile>
    <CudaCompile Include="manyDimensionsTasks.cu">
      <Filter>Tasks</Filter>
    </CudaCompile>
    <CudaCompile Include="warpPerPointTasks.cu">
      <Filter>Tasks</Filter>
    </CudaCompile>
    <CudaCompile Include="warpPerPointKernel.cu">
      <Filter>CUDAKernels</Filter>
    </CudaCompile>
  </ItemGroup>
  <ItemGroup>
    <ClInclude Include="atomicTasks.cuh">
      <Filter>Tasks</Filter>
    </ClInclude>
    <ClInclude Include="fewMeansTasks.cuh">
      <Filter>Tasks</Filter>
    </ClInclude>
    <ClInclude Include="simpleTasks.cuh">
      <Filter>Tasks</Filter>
    </ClInclude>
    <ClInclude Include="atomicKernels.cuh">
      <Filter>CUDAKernels</Filter>
    </ClInclude>
    <ClInclude Include="fewMeansKernels.cuh">
      <Filter>CUDAKernels</Filter>
    </ClInclude>
    <ClInclude Include="manyDimensionsKernels.cuh">
      <Filter>CUDAKernels</Filter>
    </ClInclude>
    <ClInclude Include="simpleKernels.cuh">
      <Filter>CUDAKernels</Filter>
    </ClInclude>
    <ClInclude Include="manyDimensionsTasks.cuh">
      <Filter>Tasks</Filter>
    </ClInclude>
    <ClInclude Include="baseKernel.cuh">
      <Filter>CUDAKernels</Filter>
    </ClInclude>
    <ClInclude Include="warpPerPointTasks.cuh">
      <Filter>Tasks</Filter>
    </ClInclude>
    <ClInclude Include="warpPerPointKernel.cuh">
      <Filter>CUDAKernels</Filter>
    </ClInclude>
  </ItemGroup>
  <ItemGroup>
    <Filter Include="Tasks">
      <UniqueIdentifier>{b22f3465-ebde-47ee-99fb-0ce08cabb84a}</UniqueIdentifier>
    </Filter>
    <Filter Include="CUDAKernels">
      <UniqueIdentifier>{5d8332c0-bd4b-4bfc-9c99-7ba077466c84}</UniqueIdentifier>
    </Filter>
  </ItemGroup>
  <ItemGroup>
    <ClCompile Include="main.cpp" />
  </ItemGroup>
</Project>